
Microsoft Visual Studio Solution File, Format Version 12.00
# Visual Studio Version 16
VisualStudioVersion = 16.0.31205.134
MinimumVisualStudioVersion = 10.0.40219.1
Project("{FAE04EC0-301F-11D3-BF4B-00C04F79EFBC}") = "BulkyBook", "BulkyBook\BulkyBook.csproj", "{C891D13C-3FDF-403A-BF08-77C53FE39361}"
EndProject
Global
	GlobalSection(SolutionConfigurationPlatforms) = preSolution
		Debug|Any CPU = Debug|Any CPU
		Release|Any CPU = Release|Any CPU
	EndGlobalSection
	GlobalSection(ProjectConfigurationPlatforms) = postSolution
		{C891D13C-3FDF-403A-BF08-77C53FE39361}.Debug|Any CPU.ActiveCfg = Debug|Any CPU
		{C891D13C-3FDF-403A-BF08-77C53FE39361}.Debug|Any CPU.Build.0 = Debug|Any CPU
		{C891D13C-3FDF-403A-BF08-77C53FE39361}.Release|Any CPU.ActiveCfg = Release|Any CPU
		{C891D13C-3FDF-403A-BF08-77C53FE39361}.Release|Any CPU.Build.0 = Release|Any CPU
	EndGlobalSection
	GlobalSection(SolutionProperties) = preSolution
		HideSolutionNode = FALSE
	EndGlobalSection
	GlobalSection(ExtensibilityGlobals) = postSolution
		SolutionGuid = {7407BE2A-79EC-4A62-8958-FC7636DD83BA}
	EndGlobalSection
EndGlobal
